
Microsoft Visual Studio Solution File, Format Version 12.00
# Visual Studio 2015
Project("{FAE04EC0-301F-11D3-BF4B-00C04F79EFBC}") = "PEW_PROTOTYPE", "PEW_PROTOTYPE.csproj", "{8A27D8CF-F21B-BAEE-B553-4BD4D29346DD}"
EndProject
Project("{FAE04EC0-301F-11D3-BF4B-00C04F79EFBC}") = "PEW_PROTOTYPE.Editor", "PEW_PROTOTYPE.Editor.csproj", "{C6A4A087-81F3-6ABB-30DB-768DF2B97CAD}"
EndProject
Global
	GlobalSection(SolutionConfigurationPlatforms) = preSolution
		Debug|Any CPU = Debug|Any CPU
		Release|Any CPU = Release|Any CPU
	EndGlobalSection
	GlobalSection(ProjectConfigurationPlatforms) = postSolution
		{8A27D8CF-F21B-BAEE-B553-4BD4D29346DD}.Debug|Any CPU.ActiveCfg = Debug|Any CPU
		{8A27D8CF-F21B-BAEE-B553-4BD4D29346DD}.Debug|Any CPU.Build.0 = Debug|Any CPU
		{8A27D8CF-F21B-BAEE-B553-4BD4D29346DD}.Release|Any CPU.ActiveCfg = Release|Any CPU
		{8A27D8CF-F21B-BAEE-B553-4BD4D29346DD}.Release|Any CPU.Build.0 = Release|Any CPU
		{C6A4A087-81F3-6ABB-30DB-768DF2B97CAD}.Debug|Any CPU.ActiveCfg = Debug|Any CPU
		{C6A4A087-81F3-6ABB-30DB-768DF2B97CAD}.Debug|Any CPU.Build.0 = Debug|Any CPU
		{C6A4A087-81F3-6ABB-30DB-768DF2B97CAD}.Release|Any CPU.ActiveCfg = Release|Any CPU
		{C6A4A087-81F3-6ABB-30DB-768DF2B97CAD}.Release|Any CPU.Build.0 = Release|Any CPU
	EndGlobalSection
	GlobalSection(SolutionProperties) = preSolution
		HideSolutionNode = FALSE
	EndGlobalSection
EndGlobal
